
Microsoft Visual Studio Solution File, Format Version 11.00
# Visual Studio 2010
Project("{8BC9CEB8-8B4A-11D0-8D11-00A0C91BC942}") = "15_1", "15_1\15_1.vcxproj", "{62A2CB79-3E1E-4020-BFD0-F3903A537506}"
EndProject
Global
	GlobalSection(SolutionConfigurationPlatforms) = preSolution
		Debug|Win32 = Debug|Win32
		Release|Win32 = Release|Win32
	EndGlobalSection
	GlobalSection(ProjectConfigurationPlatforms) = postSolution
		{62A2CB79-3E1E-4020-BFD0-F3903A537506}.Debug|Win32.ActiveCfg = Debug|Win32
		{62A2CB79-3E1E-4020-BFD0-F3903A537506}.Debug|Win32.Build.0 = Debug|Win32
		{62A2CB79-3E1E-4020-BFD0-F3903A537506}.Release|Win32.ActiveCfg = Release|Win32
		{62A2CB79-3E1E-4020-BFD0-F3903A537506}.Release|Win32.Build.0 = Release|Win32
	EndGlobalSection
	GlobalSection(SolutionProperties) = preSolution
		HideSolutionNode = FALSE
	EndGlobalSection
EndGlobal
